
Microsoft Visual Studio Solution File, Format Version 12.00
# Visual Studio Version 16
VisualStudioVersion = 16.0.29920.165
MinimumVisualStudioVersion = 10.0.40219.1
Project("{9A19103F-16F7-4668-BE54-9A1E7A4F7556}") = "CompTrain.Server", "CompTrain\Server\CompTrain.Server.csproj", "{492EBE12-42A5-4B31-9CAA-0BFE196ADB11}"
EndProject
Project("{9A19103F-16F7-4668-BE54-9A1E7A4F7556}") = "CompTrain.Client", "CompTrain\Client\CompTrain.Client.csproj", "{31517281-3408-4ECE-BA10-05490D853AA1}"
EndProject
Project("{9A19103F-16F7-4668-BE54-9A1E7A4F7556}") = "CompTrain.Shared", "CompTrain\Shared\CompTrain.Shared.csproj", "{A9FA17A4-9B29-4945-88DE-1C5F95406164}"
EndProject
Global
	GlobalSection(SolutionConfigurationPlatforms) = preSolution
		Debug|Any CPU = Debug|Any CPU
		Release|Any CPU = Release|Any CPU
	EndGlobalSection
	GlobalSection(ProjectConfigurationPlatforms) = postSolution
		{492EBE12-42A5-4B31-9CAA-0BFE196ADB11}.Debug|Any CPU.ActiveCfg = Debug|Any CPU
		{492EBE12-42A5-4B31-9CAA-0BFE196ADB11}.Debug|Any CPU.Build.0 = Debug|Any CPU
		{492EBE12-42A5-4B31-9CAA-0BFE196ADB11}.Release|Any CPU.ActiveCfg = Release|Any CPU
		{492EBE12-42A5-4B31-9CAA-0BFE196ADB11}.Release|Any CPU.Build.0 = Release|Any CPU
		{31517281-3408-4ECE-BA10-05490D853AA1}.Debug|Any CPU.ActiveCfg = Debug|Any CPU
		{31517281-3408-4ECE-BA10-05490D853AA1}.Debug|Any CPU.Build.0 = Debug|Any CPU
		{31517281-3408-4ECE-BA10-05490D853AA1}.Release|Any CPU.ActiveCfg = Release|Any CPU
		{31517281-3408-4ECE-BA10-05490D853AA1}.Release|Any CPU.Build.0 = Release|Any CPU
		{A9FA17A4-9B29-4945-88DE-1C5F95406164}.Debug|Any CPU.ActiveCfg = Debug|Any CPU
		{A9FA17A4-9B29-4945-88DE-1C5F95406164}.Debug|Any CPU.Build.0 = Debug|Any CPU
		{A9FA17A4-9B29-4945-88DE-1C5F95406164}.Release|Any CPU.ActiveCfg = Release|Any CPU
		{A9FA17A4-9B29-4945-88DE-1C5F95406164}.Release|Any CPU.Build.0 = Release|Any CPU
	EndGlobalSection
	GlobalSection(SolutionProperties) = preSolution
		HideSolutionNode = FALSE
	EndGlobalSection
	GlobalSection(ExtensibilityGlobals) = postSolution
		SolutionGuid = {B6AE9F83-7682-49F4-91EC-A709B1860FAB}
	EndGlobalSection
EndGlobal
